
Microsoft Visual Studio Solution File, Format Version 12.00
# Visual Studio Version 17
VisualStudioVersion = 17.8.34330.188
MinimumVisualStudioVersion = 10.0.40219.1
Project("{9A19103F-16F7-4668-BE54-9A1E7A4F7556}") = "BlazorAppNetCore8", "BlazorAppNetCore8\BlazorAppNetCore8\BlazorAppNetCore8.csproj", "{0AEEA1A5-B7F2-4A8C-8FB9-28C03BC3DAFD}"
EndProject
Project("{9A19103F-16F7-4668-BE54-9A1E7A4F7556}") = "BlazorAppNetCore8.Client", "BlazorAppNetCore8\BlazorAppNetCore8.Client\BlazorAppNetCore8.Client.csproj", "{DF831DBA-DE59-4CD5-83A0-AC5E5AC09127}"
EndProject
Global
	GlobalSection(SolutionConfigurationPlatforms) = preSolution
		Debug|Any CPU = Debug|Any CPU
		Release|Any CPU = Release|Any CPU
	EndGlobalSection
	GlobalSection(ProjectConfigurationPlatforms) = postSolution
		{0AEEA1A5-B7F2-4A8C-8FB9-28C03BC3DAFD}.Debug|Any CPU.ActiveCfg = Debug|Any CPU
		{0AEEA1A5-B7F2-4A8C-8FB9-28C03BC3DAFD}.Debug|Any CPU.Build.0 = Debug|Any CPU
		{0AEEA1A5-B7F2-4A8C-8FB9-28C03BC3DAFD}.Release|Any CPU.ActiveCfg = Release|Any CPU
		{0AEEA1A5-B7F2-4A8C-8FB9-28C03BC3DAFD}.Release|Any CPU.Build.0 = Release|Any CPU
		{DF831DBA-DE59-4CD5-83A0-AC5E5AC09127}.Debug|Any CPU.ActiveCfg = Debug|Any CPU
		{DF831DBA-DE59-4CD5-83A0-AC5E5AC09127}.Debug|Any CPU.Build.0 = Debug|Any CPU
		{DF831DBA-DE59-4CD5-83A0-AC5E5AC09127}.Release|Any CPU.ActiveCfg = Release|Any CPU
		{DF831DBA-DE59-4CD5-83A0-AC5E5AC09127}.Release|Any CPU.Build.0 = Release|Any CPU
	EndGlobalSection
	GlobalSection(SolutionProperties) = preSolution
		HideSolutionNode = FALSE
	EndGlobalSection
	GlobalSection(ExtensibilityGlobals) = postSolution
		SolutionGuid = {ED85E72A-C104-4674-8AE6-1BD48CE20FC0}
	EndGlobalSection
EndGlobal
